
Microsoft Visual Studio Solution File, Format Version 12.00
# Visual Studio 15
VisualStudioVersion = 15.0.28307.489
MinimumVisualStudioVersion = 10.0.40219.1
Project("{8BC9CEB8-8B4A-11D0-8D11-00A0C91BC942}") = "01特例模版", "01特例模版\01特例模版.vcxproj", "{9B4AD343-60E3-47D5-BDD8-F0395173DC10}"
EndProject
Global
	GlobalSection(SolutionConfigurationPlatforms) = preSolution
		Debug|ARM = Debug|ARM
		Debug|ARM64 = Debug|ARM64
		Debug|x64 = Debug|x64
		Debug|x86 = Debug|x86
		Release|ARM = Release|ARM
		Release|ARM64 = Release|ARM64
		Release|x64 = Release|x64
		Release|x86 = Release|x86
	EndGlobalSection
	GlobalSection(ProjectConfigurationPlatforms) = postSolution
		{9B4AD343-60E3-47D5-BDD8-F0395173DC10}.Debug|ARM.ActiveCfg = Debug|ARM
		{9B4AD343-60E3-47D5-BDD8-F0395173DC10}.Debug|ARM.Build.0 = Debug|ARM
		{9B4AD343-60E3-47D5-BDD8-F0395173DC10}.Debug|ARM64.ActiveCfg = Debug|ARM64
		{9B4AD343-60E3-47D5-BDD8-F0395173DC10}.Debug|ARM64.Build.0 = Debug|ARM64
		{9B4AD343-60E3-47D5-BDD8-F0395173DC10}.Debug|x64.ActiveCfg = Debug|x64
		{9B4AD343-60E3-47D5-BDD8-F0395173DC10}.Debug|x64.Build.0 = Debug|x64
		{9B4AD343-60E3-47D5-BDD8-F0395173DC10}.Debug|x86.ActiveCfg = Debug|x86
		{9B4AD343-60E3-47D5-BDD8-F0395173DC10}.Debug|x86.Build.0 = Debug|x86
		{9B4AD343-60E3-47D5-BDD8-F0395173DC10}.Release|ARM.ActiveCfg = Release|ARM
		{9B4AD343-60E3-47D5-BDD8-F0395173DC10}.Release|ARM.Build.0 = Release|ARM
		{9B4AD343-60E3-47D5-BDD8-F0395173DC10}.Release|ARM64.ActiveCfg = Release|ARM64
		{9B4AD343-60E3-47D5-BDD8-F0395173DC10}.Release|ARM64.Build.0 = Release|ARM64
		{9B4AD343-60E3-47D5-BDD8-F0395173DC10}.Release|x64.ActiveCfg = Release|x64
		{9B4AD343-60E3-47D5-BDD8-F0395173DC10}.Release|x64.Build.0 = Release|x64
		{9B4AD343-60E3-47D5-BDD8-F0395173DC10}.Release|x86.ActiveCfg = Release|x86
		{9B4AD343-60E3-47D5-BDD8-F0395173DC10}.Release|x86.Build.0 = Release|x86
	EndGlobalSection
	GlobalSection(SolutionProperties) = preSolution
		HideSolutionNode = FALSE
	EndGlobalSection
	GlobalSection(ExtensibilityGlobals) = postSolution
		SolutionGuid = {A5531057-47C7-48D1-BE46-2BF545DCD4C7}
	EndGlobalSection
EndGlobal
