
Microsoft Visual Studio Solution File, Format Version 12.00
# Visual Studio 15
VisualStudioVersion = 15.0.28307.489
MinimumVisualStudioVersion = 10.0.40219.1
Project("{8BC9CEB8-8B4A-11D0-8D11-00A0C91BC942}") = "高效字节流测试", "高效字节流测试\高效字节流测试.vcxproj", "{CD7984DB-47A8-469E-807E-3A68E6060148}"
EndProject
Global
	GlobalSection(SolutionConfigurationPlatforms) = preSolution
		Debug|ARM = Debug|ARM
		Debug|ARM64 = Debug|ARM64
		Debug|x64 = Debug|x64
		Debug|x86 = Debug|x86
		Release|ARM = Release|ARM
		Release|ARM64 = Release|ARM64
		Release|x64 = Release|x64
		Release|x86 = Release|x86
	EndGlobalSection
	GlobalSection(ProjectConfigurationPlatforms) = postSolution
		{CD7984DB-47A8-469E-807E-3A68E6060148}.Debug|ARM.ActiveCfg = Debug|ARM
		{CD7984DB-47A8-469E-807E-3A68E6060148}.Debug|ARM.Build.0 = Debug|ARM
		{CD7984DB-47A8-469E-807E-3A68E6060148}.Debug|ARM64.ActiveCfg = Debug|ARM64
		{CD7984DB-47A8-469E-807E-3A68E6060148}.Debug|ARM64.Build.0 = Debug|ARM64
		{CD7984DB-47A8-469E-807E-3A68E6060148}.Debug|x64.ActiveCfg = Debug|x64
		{CD7984DB-47A8-469E-807E-3A68E6060148}.Debug|x64.Build.0 = Debug|x64
		{CD7984DB-47A8-469E-807E-3A68E6060148}.Debug|x86.ActiveCfg = Debug|x86
		{CD7984DB-47A8-469E-807E-3A68E6060148}.Debug|x86.Build.0 = Debug|x86
		{CD7984DB-47A8-469E-807E-3A68E6060148}.Release|ARM.ActiveCfg = Release|ARM
		{CD7984DB-47A8-469E-807E-3A68E6060148}.Release|ARM.Build.0 = Release|ARM
		{CD7984DB-47A8-469E-807E-3A68E6060148}.Release|ARM64.ActiveCfg = Release|ARM64
		{CD7984DB-47A8-469E-807E-3A68E6060148}.Release|ARM64.Build.0 = Release|ARM64
		{CD7984DB-47A8-469E-807E-3A68E6060148}.Release|x64.ActiveCfg = Release|x64
		{CD7984DB-47A8-469E-807E-3A68E6060148}.Release|x64.Build.0 = Release|x64
		{CD7984DB-47A8-469E-807E-3A68E6060148}.Release|x86.ActiveCfg = Release|x86
		{CD7984DB-47A8-469E-807E-3A68E6060148}.Release|x86.Build.0 = Release|x86
	EndGlobalSection
	GlobalSection(SolutionProperties) = preSolution
		HideSolutionNode = FALSE
	EndGlobalSection
	GlobalSection(ExtensibilityGlobals) = postSolution
		SolutionGuid = {9FD38CC4-5F57-423D-97C0-A60A0570EF09}
	EndGlobalSection
EndGlobal
